
Microsoft Visual Studio Solution File, Format Version 12.00
# Visual Studio Version 17
VisualStudioVersion = 17.11.35327.3
MinimumVisualStudioVersion = 10.0.40219.1
Project("{FAE04EC0-301F-11D3-BF4B-00C04F79EFBC}") = "ETC_ConsoleApplication", "ETC_ConsoleApplication\ETC_ConsoleApplication.csproj", "{44989F29-3723-4B3E-AC81-CE4ADDBF5590}"
EndProject
Project("{FAE04EC0-301F-11D3-BF4B-00C04F79EFBC}") = "ETC_BussinessLayer", "ETC_BussinessLayer\ETC_BussinessLayer.csproj", "{4ECBC402-0152-457C-B77C-7E8E6506F6B6}"
EndProject
Project("{FAE04EC0-301F-11D3-BF4B-00C04F79EFBC}") = "ETC_DatabaseLayer", "ETC_DatabaseLayer\ETC_DatabaseLayer.csproj", "{ABC9D538-BFCA-4F3A-895A-1C479EA8D434}"
EndProject
Global
	GlobalSection(SolutionConfigurationPlatforms) = preSolution
		Debug|Any CPU = Debug|Any CPU
		Release|Any CPU = Release|Any CPU
	EndGlobalSection
	GlobalSection(ProjectConfigurationPlatforms) = postSolution
		{44989F29-3723-4B3E-AC81-CE4ADDBF5590}.Debug|Any CPU.ActiveCfg = Debug|Any CPU
		{44989F29-3723-4B3E-AC81-CE4ADDBF5590}.Debug|Any CPU.Build.0 = Debug|Any CPU
		{44989F29-3723-4B3E-AC81-CE4ADDBF5590}.Release|Any CPU.ActiveCfg = Release|Any CPU
		{44989F29-3723-4B3E-AC81-CE4ADDBF5590}.Release|Any CPU.Build.0 = Release|Any CPU
		{4ECBC402-0152-457C-B77C-7E8E6506F6B6}.Debug|Any CPU.ActiveCfg = Debug|Any CPU
		{4ECBC402-0152-457C-B77C-7E8E6506F6B6}.Debug|Any CPU.Build.0 = Debug|Any CPU
		{4ECBC402-0152-457C-B77C-7E8E6506F6B6}.Release|Any CPU.ActiveCfg = Release|Any CPU
		{4ECBC402-0152-457C-B77C-7E8E6506F6B6}.Release|Any CPU.Build.0 = Release|Any CPU
		{ABC9D538-BFCA-4F3A-895A-1C479EA8D434}.Debug|Any CPU.ActiveCfg = Debug|Any CPU
		{ABC9D538-BFCA-4F3A-895A-1C479EA8D434}.Debug|Any CPU.Build.0 = Debug|Any CPU
		{ABC9D538-BFCA-4F3A-895A-1C479EA8D434}.Release|Any CPU.ActiveCfg = Release|Any CPU
		{ABC9D538-BFCA-4F3A-895A-1C479EA8D434}.Release|Any CPU.Build.0 = Release|Any CPU
	EndGlobalSection
	GlobalSection(SolutionProperties) = preSolution
		HideSolutionNode = FALSE
	EndGlobalSection
	GlobalSection(ExtensibilityGlobals) = postSolution
		SolutionGuid = {F5815079-307A-4FED-9C98-F1D2E12B8F0E}
	EndGlobalSection
EndGlobal
